
Microsoft Visual Studio Solution File, Format Version 12.00
# Visual Studio Version 17
VisualStudioVersion = 17.1.32228.430
MinimumVisualStudioVersion = 10.0.40219.1
Project("{2150E333-8FDC-42A3-9474-1A3956D46DE8}") = "Services", "Services", "{2AEBF589-5DAE-4DAB-B286-0207678D5C5A}"
EndProject
Project("{2150E333-8FDC-42A3-9474-1A3956D46DE8}") = "Catalog", "Catalog", "{6ED4B334-9671-48C7-A8AD-33AE40D90EED}"
EndProject
Project("{9A19103F-16F7-4668-BE54-9A1E7A4F7556}") = "Catalog.API", "Services\Catalog\Catalog.API\Catalog.API.csproj", "{2250962B-5410-49C7-87E8-A5E39873D09D}"
EndProject
Project("{E53339B2-1760-4266-BCC7-CA923CBCF16C}") = "docker-compose", "docker-compose.dcproj", "{F62510DE-9F94-4631-A7B8-50409A6FF7AB}"
EndProject
Project("{2150E333-8FDC-42A3-9474-1A3956D46DE8}") = "Basket", "Basket", "{FFDF3EAF-CA1F-4ED7-B8F6-892311E8206C}"
EndProject
Project("{9A19103F-16F7-4668-BE54-9A1E7A4F7556}") = "Basket.API", "Services\Basket\Basket.API\Basket.API.csproj", "{0AEC50C4-78C1-4CF3-92EE-1B7D0EF320E1}"
EndProject
Project("{2150E333-8FDC-42A3-9474-1A3956D46DE8}") = "Discount", "Discount", "{753CA841-A596-4763-A96D-7F491A3A5328}"
EndProject
Project("{9A19103F-16F7-4668-BE54-9A1E7A4F7556}") = "Discount.API", "Services\Discount\Discount.API\Discount.API.csproj", "{B77ECD67-764B-41AC-ACA8-7F37662619D4}"
EndProject
Project("{9A19103F-16F7-4668-BE54-9A1E7A4F7556}") = "Discount.Grpc", "Services\Discount\Discount.Grpc\Discount.Grpc.csproj", "{2C9815C2-5326-4B98-988F-919B2C030B0F}"
EndProject
Project("{2150E333-8FDC-42A3-9474-1A3956D46DE8}") = "Ordering", "Ordering", "{FE86F559-7DB8-49EB-AD44-319D2096FE66}"
EndProject
Project("{9A19103F-16F7-4668-BE54-9A1E7A4F7556}") = "Ordering.API", "Services\Ordering\Ordering.API\Ordering.API.csproj", "{9307A4AE-6891-421B-AA53-2D500E2B97D8}"
EndProject
Project("{9A19103F-16F7-4668-BE54-9A1E7A4F7556}") = "Ordering.Domain", "Services\Ordering\Ordering.Domain\Ordering.Domain.csproj", "{2C816091-3A00-4ADC-8752-A6048097B5F9}"
EndProject
Project("{9A19103F-16F7-4668-BE54-9A1E7A4F7556}") = "Ordering.Application", "Services\Ordering\Ordering.Application\Ordering.Application.csproj", "{5BF0D4B8-69F8-4DBD-A8F7-63BB1023EFA5}"
EndProject
Project("{9A19103F-16F7-4668-BE54-9A1E7A4F7556}") = "Ordering.Infrastructure", "Services\Ordering\Ordering.Infrastructure\Ordering.Infrastructure.csproj", "{35A189E1-1B1B-4F04-829F-48B7C4C7AF3B}"
EndProject
Project("{2150E333-8FDC-42A3-9474-1A3956D46DE8}") = "BuildingBlocks", "BuildingBlocks", "{5F66AA90-D44F-4A0D-8608-270F8E250743}"
EndProject
Project("{9A19103F-16F7-4668-BE54-9A1E7A4F7556}") = "EventBus.Messages", "BuildingBlocks\EventBus.Messages\EventBus.Messages.csproj", "{8D2FBD2E-9DA9-445A-8D7B-4089BB896810}"
EndProject
Project("{2150E333-8FDC-42A3-9474-1A3956D46DE8}") = "ApiGateways", "ApiGateways", "{CE079709-833B-4867-9EA2-6B804B3BB5C3}"
EndProject
Project("{9A19103F-16F7-4668-BE54-9A1E7A4F7556}") = "OcelotApiGw", "ApiGateways\OcelotApiGw\OcelotApiGw.csproj", "{3BE74EAC-53CE-427D-B3F0-C7DCEE0CC526}"
EndProject
Project("{FAE04EC0-301F-11D3-BF4B-00C04F79EFBC}") = "Shopping.Aggregator", "ApiGateways\Shopping.Aggregator\Shopping.Aggregator.csproj", "{71140755-71A9-476D-A33F-A476C64E3C20}"
EndProject
Global
	GlobalSection(SolutionConfigurationPlatforms) = preSolution
		Debug|Any CPU = Debug|Any CPU
		Release|Any CPU = Release|Any CPU
	EndGlobalSection
	GlobalSection(ProjectConfigurationPlatforms) = postSolution
		{2250962B-5410-49C7-87E8-A5E39873D09D}.Debug|Any CPU.ActiveCfg = Debug|Any CPU
		{2250962B-5410-49C7-87E8-A5E39873D09D}.Debug|Any CPU.Build.0 = Debug|Any CPU
		{2250962B-5410-49C7-87E8-A5E39873D09D}.Release|Any CPU.ActiveCfg = Release|Any CPU
		{2250962B-5410-49C7-87E8-A5E39873D09D}.Release|Any CPU.Build.0 = Release|Any CPU
		{F62510DE-9F94-4631-A7B8-50409A6FF7AB}.Debug|Any CPU.ActiveCfg = Debug|Any CPU
		{F62510DE-9F94-4631-A7B8-50409A6FF7AB}.Debug|Any CPU.Build.0 = Debug|Any CPU
		{F62510DE-9F94-4631-A7B8-50409A6FF7AB}.Release|Any CPU.ActiveCfg = Release|Any CPU
		{F62510DE-9F94-4631-A7B8-50409A6FF7AB}.Release|Any CPU.Build.0 = Release|Any CPU
		{0AEC50C4-78C1-4CF3-92EE-1B7D0EF320E1}.Debug|Any CPU.ActiveCfg = Debug|Any CPU
		{0AEC50C4-78C1-4CF3-92EE-1B7D0EF320E1}.Debug|Any CPU.Build.0 = Debug|Any CPU
		{0AEC50C4-78C1-4CF3-92EE-1B7D0EF320E1}.Release|Any CPU.ActiveCfg = Release|Any CPU
		{0AEC50C4-78C1-4CF3-92EE-1B7D0EF320E1}.Release|Any CPU.Build.0 = Release|Any CPU
		{B77ECD67-764B-41AC-ACA8-7F37662619D4}.Debug|Any CPU.ActiveCfg = Debug|Any CPU
		{B77ECD67-764B-41AC-ACA8-7F37662619D4}.Debug|Any CPU.Build.0 = Debug|Any CPU
		{B77ECD67-764B-41AC-ACA8-7F37662619D4}.Release|Any CPU.ActiveCfg = Release|Any CPU
		{B77ECD67-764B-41AC-ACA8-7F37662619D4}.Release|Any CPU.Build.0 = Release|Any CPU
		{2C9815C2-5326-4B98-988F-919B2C030B0F}.Debug|Any CPU.ActiveCfg = Debug|Any CPU
		{2C9815C2-5326-4B98-988F-919B2C030B0F}.Debug|Any CPU.Build.0 = Debug|Any CPU
		{2C9815C2-5326-4B98-988F-919B2C030B0F}.Release|Any CPU.ActiveCfg = Release|Any CPU
		{2C9815C2-5326-4B98-988F-919B2C030B0F}.Release|Any CPU.Build.0 = Release|Any CPU
		{9307A4AE-6891-421B-AA53-2D500E2B97D8}.Debug|Any CPU.ActiveCfg = Debug|Any CPU
		{9307A4AE-6891-421B-AA53-2D500E2B97D8}.Debug|Any CPU.Build.0 = Debug|Any CPU
		{9307A4AE-6891-421B-AA53-2D500E2B97D8}.Release|Any CPU.ActiveCfg = Release|Any CPU
		{9307A4AE-6891-421B-AA53-2D500E2B97D8}.Release|Any CPU.Build.0 = Release|Any CPU
		{2C816091-3A00-4ADC-8752-A6048097B5F9}.Debug|Any CPU.ActiveCfg = Debug|Any CPU
		{2C816091-3A00-4ADC-8752-A6048097B5F9}.Debug|Any CPU.Build.0 = Debug|Any CPU
		{2C816091-3A00-4ADC-8752-A6048097B5F9}.Release|Any CPU.ActiveCfg = Release|Any CPU
		{2C816091-3A00-4ADC-8752-A6048097B5F9}.Release|Any CPU.Build.0 = Release|Any CPU
		{5BF0D4B8-69F8-4DBD-A8F7-63BB1023EFA5}.Debug|Any CPU.ActiveCfg = Debug|Any CPU
		{5BF0D4B8-69F8-4DBD-A8F7-63BB1023EFA5}.Debug|Any CPU.Build.0 = Debug|Any CPU
		{5BF0D4B8-69F8-4DBD-A8F7-63BB1023EFA5}.Release|Any CPU.ActiveCfg = Release|Any CPU
		{5BF0D4B8-69F8-4DBD-A8F7-63BB1023EFA5}.Release|Any CPU.Build.0 = Release|Any CPU
		{35A189E1-1B1B-4F04-829F-48B7C4C7AF3B}.Debug|Any CPU.ActiveCfg = Debug|Any CPU
		{35A189E1-1B1B-4F04-829F-48B7C4C7AF3B}.Debug|Any CPU.Build.0 = Debug|Any CPU
		{35A189E1-1B1B-4F04-829F-48B7C4C7AF3B}.Release|Any CPU.ActiveCfg = Release|Any CPU
		{35A189E1-1B1B-4F04-829F-48B7C4C7AF3B}.Release|Any CPU.Build.0 = Release|Any CPU
		{8D2FBD2E-9DA9-445A-8D7B-4089BB896810}.Debug|Any CPU.ActiveCfg = Debug|Any CPU
		{8D2FBD2E-9DA9-445A-8D7B-4089BB896810}.Debug|Any CPU.Build.0 = Debug|Any CPU
		{8D2FBD2E-9DA9-445A-8D7B-4089BB896810}.Release|Any CPU.ActiveCfg = Release|Any CPU
		{8D2FBD2E-9DA9-445A-8D7B-4089BB896810}.Release|Any CPU.Build.0 = Release|Any CPU
		{3BE74EAC-53CE-427D-B3F0-C7DCEE0CC526}.Debug|Any CPU.ActiveCfg = Debug|Any CPU
		{3BE74EAC-53CE-427D-B3F0-C7DCEE0CC526}.Debug|Any CPU.Build.0 = Debug|Any CPU
		{3BE74EAC-53CE-427D-B3F0-C7DCEE0CC526}.Release|Any CPU.ActiveCfg = Release|Any CPU
		{3BE74EAC-53CE-427D-B3F0-C7DCEE0CC526}.Release|Any CPU.Build.0 = Release|Any CPU
		{71140755-71A9-476D-A33F-A476C64E3C20}.Debug|Any CPU.ActiveCfg = Debug|Any CPU
		{71140755-71A9-476D-A33F-A476C64E3C20}.Debug|Any CPU.Build.0 = Debug|Any CPU
		{71140755-71A9-476D-A33F-A476C64E3C20}.Release|Any CPU.ActiveCfg = Release|Any CPU
		{71140755-71A9-476D-A33F-A476C64E3C20}.Release|Any CPU.Build.0 = Release|Any CPU
	EndGlobalSection
	GlobalSection(SolutionProperties) = preSolution
		HideSolutionNode = FALSE
	EndGlobalSection
	GlobalSection(NestedProjects) = preSolution
		{6ED4B334-9671-48C7-A8AD-33AE40D90EED} = {2AEBF589-5DAE-4DAB-B286-0207678D5C5A}
		{2250962B-5410-49C7-87E8-A5E39873D09D} = {6ED4B334-9671-48C7-A8AD-33AE40D90EED}
		{FFDF3EAF-CA1F-4ED7-B8F6-892311E8206C} = {2AEBF589-5DAE-4DAB-B286-0207678D5C5A}
		{0AEC50C4-78C1-4CF3-92EE-1B7D0EF320E1} = {FFDF3EAF-CA1F-4ED7-B8F6-892311E8206C}
		{753CA841-A596-4763-A96D-7F491A3A5328} = {2AEBF589-5DAE-4DAB-B286-0207678D5C5A}
		{B77ECD67-764B-41AC-ACA8-7F37662619D4} = {753CA841-A596-4763-A96D-7F491A3A5328}
		{2C9815C2-5326-4B98-988F-919B2C030B0F} = {753CA841-A596-4763-A96D-7F491A3A5328}
		{FE86F559-7DB8-49EB-AD44-319D2096FE66} = {2AEBF589-5DAE-4DAB-B286-0207678D5C5A}
		{9307A4AE-6891-421B-AA53-2D500E2B97D8} = {FE86F559-7DB8-49EB-AD44-319D2096FE66}
		{2C816091-3A00-4ADC-8752-A6048097B5F9} = {FE86F559-7DB8-49EB-AD44-319D2096FE66}
		{5BF0D4B8-69F8-4DBD-A8F7-63BB1023EFA5} = {FE86F559-7DB8-49EB-AD44-319D2096FE66}
		{35A189E1-1B1B-4F04-829F-48B7C4C7AF3B} = {FE86F559-7DB8-49EB-AD44-319D2096FE66}
		{8D2FBD2E-9DA9-445A-8D7B-4089BB896810} = {5F66AA90-D44F-4A0D-8608-270F8E250743}
		{3BE74EAC-53CE-427D-B3F0-C7DCEE0CC526} = {CE079709-833B-4867-9EA2-6B804B3BB5C3}
		{71140755-71A9-476D-A33F-A476C64E3C20} = {CE079709-833B-4867-9EA2-6B804B3BB5C3}
	EndGlobalSection
	GlobalSection(ExtensibilityGlobals) = postSolution
		SolutionGuid = {698C7A73-7758-48FE-B20A-932738DF2018}
	EndGlobalSection
EndGlobal
